
Microsoft Visual Studio Solution File, Format Version 12.00
Project("{FAE04EC0-301F-11D3-BF4B-00C04F79EFBC}") = "ConsoleApp", "ConsoleApp\ConsoleApp.csproj", "{60A0A9BC-3939-488E-8E44-8BD436A527D6}"
EndProject
Project("{FAE04EC0-301F-11D3-BF4B-00C04F79EFBC}") = "TestNUnit", "TestNUnit\TestNUnit.csproj", "{399AC916-4BCA-4157-A0C0-8837337370C0}"
EndProject
Project("{FAE04EC0-301F-11D3-BF4B-00C04F79EFBC}") = "TestXUnit", "TestXUnit\TestXUnit.csproj", "{A75A99AE-DEA5-4B41-85E4-07900044AE1E}"
EndProject
Global
	GlobalSection(SolutionConfigurationPlatforms) = preSolution
		Debug|Any CPU = Debug|Any CPU
		Release|Any CPU = Release|Any CPU
	EndGlobalSection
	GlobalSection(ProjectConfigurationPlatforms) = postSolution
		{60A0A9BC-3939-488E-8E44-8BD436A527D6}.Debug|Any CPU.ActiveCfg = Debug|Any CPU
		{60A0A9BC-3939-488E-8E44-8BD436A527D6}.Debug|Any CPU.Build.0 = Debug|Any CPU
		{60A0A9BC-3939-488E-8E44-8BD436A527D6}.Release|Any CPU.ActiveCfg = Release|Any CPU
		{60A0A9BC-3939-488E-8E44-8BD436A527D6}.Release|Any CPU.Build.0 = Release|Any CPU
		{399AC916-4BCA-4157-A0C0-8837337370C0}.Debug|Any CPU.ActiveCfg = Debug|Any CPU
		{399AC916-4BCA-4157-A0C0-8837337370C0}.Debug|Any CPU.Build.0 = Debug|Any CPU
		{399AC916-4BCA-4157-A0C0-8837337370C0}.Release|Any CPU.ActiveCfg = Release|Any CPU
		{399AC916-4BCA-4157-A0C0-8837337370C0}.Release|Any CPU.Build.0 = Release|Any CPU
		{A75A99AE-DEA5-4B41-85E4-07900044AE1E}.Debug|Any CPU.ActiveCfg = Debug|Any CPU
		{A75A99AE-DEA5-4B41-85E4-07900044AE1E}.Debug|Any CPU.Build.0 = Debug|Any CPU
		{A75A99AE-DEA5-4B41-85E4-07900044AE1E}.Release|Any CPU.ActiveCfg = Release|Any CPU
		{A75A99AE-DEA5-4B41-85E4-07900044AE1E}.Release|Any CPU.Build.0 = Release|Any CPU
	EndGlobalSection
EndGlobal
